
Microsoft Visual Studio Solution File, Format Version 12.00
# Visual Studio Version 16
VisualStudioVersion = 16.0.30804.86
MinimumVisualStudioVersion = 10.0.40219.1
Project("{2150E333-8FDC-42A3-9474-1A3956D46DE8}") = "Solution Items", "Solution Items", "{064D2C66-AC2D-4518-8412-7EA4DEC4F08D}"
	ProjectSection(SolutionItems) = preProject
		paket.dependencies = paket.dependencies
	EndProjectSection
EndProject
Project("{6EC3EE1D-3C4E-46DD-8F32-0CC8E7565705}") = "Server", "server\Server.fsproj", "{AC225DD1-E169-4510-8B80-4B3734257D04}"
EndProject
Project("{6EC3EE1D-3C4E-46DD-8F32-0CC8E7565705}") = "ES.Alan.Core", "ES.Alan.Core\ES.Alan.Core.fsproj", "{67ACBD1E-5F9C-45D3-AA90-A2DAF260A7D3}"
EndProject
Project("{6EC3EE1D-3C4E-46DD-8F32-0CC8E7565705}") = "AddResourceToAgent", "AddResourceToAgent\AddResourceToAgent.fsproj", "{E33CDD3D-9E49-4DC8-BE33-4180AF206F79}"
EndProject
Project("{8BC9CEB8-8B4A-11D0-8D11-00A0C91BC942}") = "x86PELoader", "x86PELoader\x86PELoader.vcxproj", "{FB8BA78D-CEC3-43D1-8D6E-8D9E3C436CE5}"
EndProject
Project("{FAE04EC0-301F-11D3-BF4B-00C04F79EFBC}") = "DotNetAgentRunnerX86", "DotNetAgentRunnerX86\DotNetAgentRunnerX86.csproj", "{DE4AE0C4-D44B-4803-8305-FF8FFA89389D}"
EndProject
Project("{6EC3EE1D-3C4E-46DD-8F32-0CC8E7565705}") = "ServerBuilder", "ServerBuilder\ServerBuilder.fsproj", "{35DDB47D-B9CB-41D0-9B37-681BA17FF0C4}"
EndProject
Project("{8BC9CEB8-8B4A-11D0-8D11-00A0C91BC942}") = "x64PELoader", "x64PELoader\x64PELoader.vcxproj", "{98288AFF-9F7D-4956-9338-2E466CCC735B}"
EndProject
Project("{2150E333-8FDC-42A3-9474-1A3956D46DE8}") = "PELoaders", "PELoaders", "{509F7E7C-3C99-4A15-93B7-ABF892A0E652}"
EndProject
Project("{FAE04EC0-301F-11D3-BF4B-00C04F79EFBC}") = "DotNetAgentRunnerTest", "DotNetAgentRunnerTest\DotNetAgentRunnerTest.csproj", "{B0B08B19-1458-4610-9525-43ABFE879AA1}"
EndProject
Project("{FAE04EC0-301F-11D3-BF4B-00C04F79EFBC}") = "DotNetAgentRunnerX64", "DotNetAgentRunnerX64\DotNetAgentRunnerX64.csproj", "{9EF2416C-5218-44E3-9366-CC62617C5A15}"
EndProject
Project("{2150E333-8FDC-42A3-9474-1A3956D46DE8}") = "Tests", "Tests", "{A57B0D5D-3DD7-48D4-B4C8-DBFD2E230412}"
EndProject
Project("{8BC9CEB8-8B4A-11D0-8D11-00A0C91BC942}") = "PrintArgumentsTest", "PrintArgumentsTest\PrintArgumentsTest.vcxproj", "{ED36FC6B-6FE3-4A7C-B757-60D185AD4E7B}"
EndProject
Global
	GlobalSection(SolutionConfigurationPlatforms) = preSolution
		Debug|Any CPU = Debug|Any CPU
		Debug|x64 = Debug|x64
		Debug|x86 = Debug|x86
		Release|Any CPU = Release|Any CPU
		Release|x64 = Release|x64
		Release|x86 = Release|x86
	EndGlobalSection
	GlobalSection(ProjectConfigurationPlatforms) = postSolution
		{AC225DD1-E169-4510-8B80-4B3734257D04}.Debug|Any CPU.ActiveCfg = Debug|Any CPU
		{AC225DD1-E169-4510-8B80-4B3734257D04}.Debug|Any CPU.Build.0 = Debug|Any CPU
		{AC225DD1-E169-4510-8B80-4B3734257D04}.Debug|x64.ActiveCfg = Debug|Any CPU
		{AC225DD1-E169-4510-8B80-4B3734257D04}.Debug|x64.Build.0 = Debug|Any CPU
		{AC225DD1-E169-4510-8B80-4B3734257D04}.Debug|x86.ActiveCfg = Debug|Any CPU
		{AC225DD1-E169-4510-8B80-4B3734257D04}.Debug|x86.Build.0 = Debug|Any CPU
		{AC225DD1-E169-4510-8B80-4B3734257D04}.Release|Any CPU.ActiveCfg = Release|Any CPU
		{AC225DD1-E169-4510-8B80-4B3734257D04}.Release|Any CPU.Build.0 = Release|Any CPU
		{AC225DD1-E169-4510-8B80-4B3734257D04}.Release|x64.ActiveCfg = Release|Any CPU
		{AC225DD1-E169-4510-8B80-4B3734257D04}.Release|x64.Build.0 = Release|Any CPU
		{AC225DD1-E169-4510-8B80-4B3734257D04}.Release|x86.ActiveCfg = Release|Any CPU
		{AC225DD1-E169-4510-8B80-4B3734257D04}.Release|x86.Build.0 = Release|Any CPU
		{67ACBD1E-5F9C-45D3-AA90-A2DAF260A7D3}.Debug|Any CPU.ActiveCfg = Debug|Any CPU
		{67ACBD1E-5F9C-45D3-AA90-A2DAF260A7D3}.Debug|Any CPU.Build.0 = Debug|Any CPU
		{67ACBD1E-5F9C-45D3-AA90-A2DAF260A7D3}.Debug|x64.ActiveCfg = Debug|Any CPU
		{67ACBD1E-5F9C-45D3-AA90-A2DAF260A7D3}.Debug|x64.Build.0 = Debug|Any CPU
		{67ACBD1E-5F9C-45D3-AA90-A2DAF260A7D3}.Debug|x86.ActiveCfg = Debug|Any CPU
		{67ACBD1E-5F9C-45D3-AA90-A2DAF260A7D3}.Debug|x86.Build.0 = Debug|Any CPU
		{67ACBD1E-5F9C-45D3-AA90-A2DAF260A7D3}.Release|Any CPU.ActiveCfg = Release|Any CPU
		{67ACBD1E-5F9C-45D3-AA90-A2DAF260A7D3}.Release|Any CPU.Build.0 = Release|Any CPU
		{67ACBD1E-5F9C-45D3-AA90-A2DAF260A7D3}.Release|x64.ActiveCfg = Release|Any CPU
		{67ACBD1E-5F9C-45D3-AA90-A2DAF260A7D3}.Release|x64.Build.0 = Release|Any CPU
		{67ACBD1E-5F9C-45D3-AA90-A2DAF260A7D3}.Release|x86.ActiveCfg = Release|Any CPU
		{67ACBD1E-5F9C-45D3-AA90-A2DAF260A7D3}.Release|x86.Build.0 = Release|Any CPU
		{E33CDD3D-9E49-4DC8-BE33-4180AF206F79}.Debug|Any CPU.ActiveCfg = Debug|Any CPU
		{E33CDD3D-9E49-4DC8-BE33-4180AF206F79}.Debug|Any CPU.Build.0 = Debug|Any CPU
		{E33CDD3D-9E49-4DC8-BE33-4180AF206F79}.Debug|x64.ActiveCfg = Debug|Any CPU
		{E33CDD3D-9E49-4DC8-BE33-4180AF206F79}.Debug|x64.Build.0 = Debug|Any CPU
		{E33CDD3D-9E49-4DC8-BE33-4180AF206F79}.Debug|x86.ActiveCfg = Debug|Any CPU
		{E33CDD3D-9E49-4DC8-BE33-4180AF206F79}.Debug|x86.Build.0 = Debug|Any CPU
		{E33CDD3D-9E49-4DC8-BE33-4180AF206F79}.Release|Any CPU.ActiveCfg = Release|Any CPU
		{E33CDD3D-9E49-4DC8-BE33-4180AF206F79}.Release|Any CPU.Build.0 = Release|Any CPU
		{E33CDD3D-9E49-4DC8-BE33-4180AF206F79}.Release|x64.ActiveCfg = Release|Any CPU
		{E33CDD3D-9E49-4DC8-BE33-4180AF206F79}.Release|x64.Build.0 = Release|Any CPU
		{E33CDD3D-9E49-4DC8-BE33-4180AF206F79}.Release|x86.ActiveCfg = Release|Any CPU
		{E33CDD3D-9E49-4DC8-BE33-4180AF206F79}.Release|x86.Build.0 = Release|Any CPU
		{FB8BA78D-CEC3-43D1-8D6E-8D9E3C436CE5}.Debug|Any CPU.ActiveCfg = Debug|Win32
		{FB8BA78D-CEC3-43D1-8D6E-8D9E3C436CE5}.Debug|x64.ActiveCfg = Debug|x64
		{FB8BA78D-CEC3-43D1-8D6E-8D9E3C436CE5}.Debug|x64.Build.0 = Debug|x64
		{FB8BA78D-CEC3-43D1-8D6E-8D9E3C436CE5}.Debug|x86.ActiveCfg = Debug|Win32
		{FB8BA78D-CEC3-43D1-8D6E-8D9E3C436CE5}.Debug|x86.Build.0 = Debug|Win32
		{FB8BA78D-CEC3-43D1-8D6E-8D9E3C436CE5}.Release|Any CPU.ActiveCfg = Release|Win32
		{FB8BA78D-CEC3-43D1-8D6E-8D9E3C436CE5}.Release|x64.ActiveCfg = Release|x64
		{FB8BA78D-CEC3-43D1-8D6E-8D9E3C436CE5}.Release|x64.Build.0 = Release|x64
		{FB8BA78D-CEC3-43D1-8D6E-8D9E3C436CE5}.Release|x86.ActiveCfg = Release|Win32
		{FB8BA78D-CEC3-43D1-8D6E-8D9E3C436CE5}.Release|x86.Build.0 = Release|Win32
		{DE4AE0C4-D44B-4803-8305-FF8FFA89389D}.Debug|Any CPU.ActiveCfg = Debug|Any CPU
		{DE4AE0C4-D44B-4803-8305-FF8FFA89389D}.Debug|Any CPU.Build.0 = Debug|Any CPU
		{DE4AE0C4-D44B-4803-8305-FF8FFA89389D}.Debug|x64.ActiveCfg = Debug|Any CPU
		{DE4AE0C4-D44B-4803-8305-FF8FFA89389D}.Debug|x64.Build.0 = Debug|Any CPU
		{DE4AE0C4-D44B-4803-8305-FF8FFA89389D}.Debug|x86.ActiveCfg = Debug|Any CPU
		{DE4AE0C4-D44B-4803-8305-FF8FFA89389D}.Debug|x86.Build.0 = Debug|Any CPU
		{DE4AE0C4-D44B-4803-8305-FF8FFA89389D}.Release|Any CPU.ActiveCfg = Release|Any CPU
		{DE4AE0C4-D44B-4803-8305-FF8FFA89389D}.Release|Any CPU.Build.0 = Release|Any CPU
		{DE4AE0C4-D44B-4803-8305-FF8FFA89389D}.Release|x64.ActiveCfg = Release|Any CPU
		{DE4AE0C4-D44B-4803-8305-FF8FFA89389D}.Release|x64.Build.0 = Release|Any CPU
		{DE4AE0C4-D44B-4803-8305-FF8FFA89389D}.Release|x86.ActiveCfg = Release|Any CPU
		{DE4AE0C4-D44B-4803-8305-FF8FFA89389D}.Release|x86.Build.0 = Release|Any CPU
		{35DDB47D-B9CB-41D0-9B37-681BA17FF0C4}.Debug|Any CPU.ActiveCfg = Debug|Any CPU
		{35DDB47D-B9CB-41D0-9B37-681BA17FF0C4}.Debug|Any CPU.Build.0 = Debug|Any CPU
		{35DDB47D-B9CB-41D0-9B37-681BA17FF0C4}.Debug|x64.ActiveCfg = Debug|Any CPU
		{35DDB47D-B9CB-41D0-9B37-681BA17FF0C4}.Debug|x64.Build.0 = Debug|Any CPU
		{35DDB47D-B9CB-41D0-9B37-681BA17FF0C4}.Debug|x86.ActiveCfg = Debug|Any CPU
		{35DDB47D-B9CB-41D0-9B37-681BA17FF0C4}.Debug|x86.Build.0 = Debug|Any CPU
		{35DDB47D-B9CB-41D0-9B37-681BA17FF0C4}.Release|Any CPU.ActiveCfg = Release|Any CPU
		{35DDB47D-B9CB-41D0-9B37-681BA17FF0C4}.Release|Any CPU.Build.0 = Release|Any CPU
		{35DDB47D-B9CB-41D0-9B37-681BA17FF0C4}.Release|x64.ActiveCfg = Release|Any CPU
		{35DDB47D-B9CB-41D0-9B37-681BA17FF0C4}.Release|x64.Build.0 = Release|Any CPU
		{35DDB47D-B9CB-41D0-9B37-681BA17FF0C4}.Release|x86.ActiveCfg = Release|Any CPU
		{35DDB47D-B9CB-41D0-9B37-681BA17FF0C4}.Release|x86.Build.0 = Release|Any CPU
		{98288AFF-9F7D-4956-9338-2E466CCC735B}.Debug|Any CPU.ActiveCfg = Debug|Win32
		{98288AFF-9F7D-4956-9338-2E466CCC735B}.Debug|x64.ActiveCfg = Debug|x64
		{98288AFF-9F7D-4956-9338-2E466CCC735B}.Debug|x64.Build.0 = Debug|x64
		{98288AFF-9F7D-4956-9338-2E466CCC735B}.Debug|x86.ActiveCfg = Debug|Win32
		{98288AFF-9F7D-4956-9338-2E466CCC735B}.Debug|x86.Build.0 = Debug|Win32
		{98288AFF-9F7D-4956-9338-2E466CCC735B}.Release|Any CPU.ActiveCfg = Release|Win32
		{98288AFF-9F7D-4956-9338-2E466CCC735B}.Release|x64.ActiveCfg = Release|x64
		{98288AFF-9F7D-4956-9338-2E466CCC735B}.Release|x64.Build.0 = Release|x64
		{98288AFF-9F7D-4956-9338-2E466CCC735B}.Release|x86.ActiveCfg = Release|Win32
		{98288AFF-9F7D-4956-9338-2E466CCC735B}.Release|x86.Build.0 = Release|Win32
		{B0B08B19-1458-4610-9525-43ABFE879AA1}.Debug|Any CPU.ActiveCfg = Debug|Any CPU
		{B0B08B19-1458-4610-9525-43ABFE879AA1}.Debug|Any CPU.Build.0 = Debug|Any CPU
		{B0B08B19-1458-4610-9525-43ABFE879AA1}.Debug|x64.ActiveCfg = Debug|Any CPU
		{B0B08B19-1458-4610-9525-43ABFE879AA1}.Debug|x64.Build.0 = Debug|Any CPU
		{B0B08B19-1458-4610-9525-43ABFE879AA1}.Debug|x86.ActiveCfg = Debug|Any CPU
		{B0B08B19-1458-4610-9525-43ABFE879AA1}.Debug|x86.Build.0 = Debug|Any CPU
		{B0B08B19-1458-4610-9525-43ABFE879AA1}.Release|Any CPU.ActiveCfg = Release|Any CPU
		{B0B08B19-1458-4610-9525-43ABFE879AA1}.Release|Any CPU.Build.0 = Release|Any CPU
		{B0B08B19-1458-4610-9525-43ABFE879AA1}.Release|x64.ActiveCfg = Release|Any CPU
		{B0B08B19-1458-4610-9525-43ABFE879AA1}.Release|x64.Build.0 = Release|Any CPU
		{B0B08B19-1458-4610-9525-43ABFE879AA1}.Release|x86.ActiveCfg = Release|Any CPU
		{B0B08B19-1458-4610-9525-43ABFE879AA1}.Release|x86.Build.0 = Release|Any CPU
		{9EF2416C-5218-44E3-9366-CC62617C5A15}.Debug|Any CPU.ActiveCfg = Debug|Any CPU
		{9EF2416C-5218-44E3-9366-CC62617C5A15}.Debug|Any CPU.Build.0 = Debug|Any CPU
		{9EF2416C-5218-44E3-9366-CC62617C5A15}.Debug|x64.ActiveCfg = Debug|Any CPU
		{9EF2416C-5218-44E3-9366-CC62617C5A15}.Debug|x64.Build.0 = Debug|Any CPU
		{9EF2416C-5218-44E3-9366-CC62617C5A15}.Debug|x86.ActiveCfg = Debug|Any CPU
		{9EF2416C-5218-44E3-9366-CC62617C5A15}.Debug|x86.Build.0 = Debug|Any CPU
		{9EF2416C-5218-44E3-9366-CC62617C5A15}.Release|Any CPU.ActiveCfg = Release|Any CPU
		{9EF2416C-5218-44E3-9366-CC62617C5A15}.Release|Any CPU.Build.0 = Release|Any CPU
		{9EF2416C-5218-44E3-9366-CC62617C5A15}.Release|x64.ActiveCfg = Release|Any CPU
		{9EF2416C-5218-44E3-9366-CC62617C5A15}.Release|x64.Build.0 = Release|Any CPU
		{9EF2416C-5218-44E3-9366-CC62617C5A15}.Release|x86.ActiveCfg = Release|Any CPU
		{9EF2416C-5218-44E3-9366-CC62617C5A15}.Release|x86.Build.0 = Release|Any CPU
		{ED36FC6B-6FE3-4A7C-B757-60D185AD4E7B}.Debug|Any CPU.ActiveCfg = Debug|Win32
		{ED36FC6B-6FE3-4A7C-B757-60D185AD4E7B}.Debug|x64.ActiveCfg = Debug|x64
		{ED36FC6B-6FE3-4A7C-B757-60D185AD4E7B}.Debug|x64.Build.0 = Debug|x64
		{ED36FC6B-6FE3-4A7C-B757-60D185AD4E7B}.Debug|x86.ActiveCfg = Debug|Win32
		{ED36FC6B-6FE3-4A7C-B757-60D185AD4E7B}.Debug|x86.Build.0 = Debug|Win32
		{ED36FC6B-6FE3-4A7C-B757-60D185AD4E7B}.Release|Any CPU.ActiveCfg = Release|Win32
		{ED36FC6B-6FE3-4A7C-B757-60D185AD4E7B}.Release|x64.ActiveCfg = Release|x64
		{ED36FC6B-6FE3-4A7C-B757-60D185AD4E7B}.Release|x64.Build.0 = Release|x64
		{ED36FC6B-6FE3-4A7C-B757-60D185AD4E7B}.Release|x86.ActiveCfg = Release|Win32
		{ED36FC6B-6FE3-4A7C-B757-60D185AD4E7B}.Release|x86.Build.0 = Release|Win32
	EndGlobalSection
	GlobalSection(SolutionProperties) = preSolution
		HideSolutionNode = FALSE
	EndGlobalSection
	GlobalSection(NestedProjects) = preSolution
		{FB8BA78D-CEC3-43D1-8D6E-8D9E3C436CE5} = {509F7E7C-3C99-4A15-93B7-ABF892A0E652}
		{98288AFF-9F7D-4956-9338-2E466CCC735B} = {509F7E7C-3C99-4A15-93B7-ABF892A0E652}
		{B0B08B19-1458-4610-9525-43ABFE879AA1} = {A57B0D5D-3DD7-48D4-B4C8-DBFD2E230412}
		{ED36FC6B-6FE3-4A7C-B757-60D185AD4E7B} = {A57B0D5D-3DD7-48D4-B4C8-DBFD2E230412}
	EndGlobalSection
	GlobalSection(ExtensibilityGlobals) = postSolution
		SolutionGuid = {61C41831-0D08-4960-8DD1-CA14593806CF}
	EndGlobalSection
EndGlobal
